
Microsoft Visual Studio Solution File, Format Version 12.00
Project("{FAE04EC0-301F-11D3-BF4B-00C04F79EFBC}") = "HexCore", "HexCore\HexCore.csproj", "{8192B137-DE70-42C1-BEE1-0EB8790FCDC9}"
EndProject
Project("{FAE04EC0-301F-11D3-BF4B-00C04F79EFBC}") = "HexCore.Tests", "HexCore.Tests\HexCore.Tests.csproj", "{8C61B245-315C-40AB-B4FF-A0C3949B136F}"
EndProject
Project("{2150E333-8FDC-42A3-9474-1A3956D46DE8}") = "TextFiles", "TextFiles", "{2B8FFB0F-C2EA-4C52-8548-CB06D997DA64}"
ProjectSection(SolutionItems) = preProject
	README.md = README.md
	LICENSE.md = LICENSE.md
	CONTRIBUTING.md = CONTRIBUTING.md
EndProjectSection
EndProject
Project("{2150E333-8FDC-42A3-9474-1A3956D46DE8}") = "Misc", "Misc", "{5A67B6A9-1364-4362-88BC-28D1DE110B48}"
ProjectSection(SolutionItems) = preProject
	coverage.sh = coverage.sh
	coverage.filter = coverage.filter
	Jenkinsfile = Jenkinsfile
	nunit3-junit.xslt = nunit3-junit.xslt
	publish.sh = publish.sh
	icon.png = icon.png
	icon48.png = icon48.png
	NuGet.config = NuGet.config
EndProjectSection
EndProject
Project("{2150E333-8FDC-42A3-9474-1A3956D46DE8}") = "Docs", "Docs", "{8312DC1F-A2C1-4A30-8E62-59F41C9DA8CE}"
ProjectSection(SolutionItems) = preProject
	Docs\README.md = Docs\README.md
EndProjectSection
EndProject
Global
	GlobalSection(SolutionConfigurationPlatforms) = preSolution
		Debug|Any CPU = Debug|Any CPU
		Release|Any CPU = Release|Any CPU
	EndGlobalSection
	GlobalSection(ProjectConfigurationPlatforms) = postSolution
		{8192B137-DE70-42C1-BEE1-0EB8790FCDC9}.Debug|Any CPU.ActiveCfg = Debug|Any CPU
		{8192B137-DE70-42C1-BEE1-0EB8790FCDC9}.Debug|Any CPU.Build.0 = Debug|Any CPU
		{8192B137-DE70-42C1-BEE1-0EB8790FCDC9}.Release|Any CPU.ActiveCfg = Release|Any CPU
		{8192B137-DE70-42C1-BEE1-0EB8790FCDC9}.Release|Any CPU.Build.0 = Release|Any CPU
		{8C61B245-315C-40AB-B4FF-A0C3949B136F}.Debug|Any CPU.ActiveCfg = Debug|Any CPU
		{8C61B245-315C-40AB-B4FF-A0C3949B136F}.Debug|Any CPU.Build.0 = Debug|Any CPU
		{8C61B245-315C-40AB-B4FF-A0C3949B136F}.Release|Any CPU.ActiveCfg = Release|Any CPU
		{8C61B245-315C-40AB-B4FF-A0C3949B136F}.Release|Any CPU.Build.0 = Release|Any CPU
	EndGlobalSection
EndGlobal
